
Microsoft Visual Studio Solution File, Format Version 12.00
# Visual Studio 15
VisualStudioVersion = 15.0.26124.0
MinimumVisualStudioVersion = 15.0.26124.0
Project("{FAE04EC0-301F-11D3-BF4B-00C04F79EFBC}") = "CityInfo.Api", "CityInfo.Api\CityInfo.Api.csproj", "{EAC4DA0B-22C6-4A05-BEEF-6EA11773DA75}"
EndProject
Project("{FAE04EC0-301F-11D3-BF4B-00C04F79EFBC}") = "ToDoList", "ToDoList\ToDoList.csproj", "{D74C1A49-4BE9-467B-8260-A3F67BA27009}"
EndProject
Project("{2150E333-8FDC-42A3-9474-1A3956D46DE8}") = "ToDoList", "ToDoList", "{5B09D9B9-F8A7-461F-B895-FE2C9C515B6A}"
EndProject
Project("{FAE04EC0-301F-11D3-BF4B-00C04F79EFBC}") = "ConsoleVerification", "ToDoList\ConsoleVerification\ConsoleVerification.csproj", "{B6238E6C-82D6-4FCB-97BA-F3EA0F17B80F}"
EndProject
Global
	GlobalSection(SolutionConfigurationPlatforms) = preSolution
		Debug|Any CPU = Debug|Any CPU
		Debug|x64 = Debug|x64
		Debug|x86 = Debug|x86
		Release|Any CPU = Release|Any CPU
		Release|x64 = Release|x64
		Release|x86 = Release|x86
	EndGlobalSection
	GlobalSection(SolutionProperties) = preSolution
		HideSolutionNode = FALSE
	EndGlobalSection
	GlobalSection(ProjectConfigurationPlatforms) = postSolution
		{EAC4DA0B-22C6-4A05-BEEF-6EA11773DA75}.Debug|Any CPU.ActiveCfg = Debug|Any CPU
		{EAC4DA0B-22C6-4A05-BEEF-6EA11773DA75}.Debug|Any CPU.Build.0 = Debug|Any CPU
		{EAC4DA0B-22C6-4A05-BEEF-6EA11773DA75}.Debug|x64.ActiveCfg = Debug|Any CPU
		{EAC4DA0B-22C6-4A05-BEEF-6EA11773DA75}.Debug|x64.Build.0 = Debug|Any CPU
		{EAC4DA0B-22C6-4A05-BEEF-6EA11773DA75}.Debug|x86.ActiveCfg = Debug|Any CPU
		{EAC4DA0B-22C6-4A05-BEEF-6EA11773DA75}.Debug|x86.Build.0 = Debug|Any CPU
		{EAC4DA0B-22C6-4A05-BEEF-6EA11773DA75}.Release|Any CPU.ActiveCfg = Release|Any CPU
		{EAC4DA0B-22C6-4A05-BEEF-6EA11773DA75}.Release|Any CPU.Build.0 = Release|Any CPU
		{EAC4DA0B-22C6-4A05-BEEF-6EA11773DA75}.Release|x64.ActiveCfg = Release|Any CPU
		{EAC4DA0B-22C6-4A05-BEEF-6EA11773DA75}.Release|x64.Build.0 = Release|Any CPU
		{EAC4DA0B-22C6-4A05-BEEF-6EA11773DA75}.Release|x86.ActiveCfg = Release|Any CPU
		{EAC4DA0B-22C6-4A05-BEEF-6EA11773DA75}.Release|x86.Build.0 = Release|Any CPU
		{D74C1A49-4BE9-467B-8260-A3F67BA27009}.Debug|Any CPU.ActiveCfg = Debug|Any CPU
		{D74C1A49-4BE9-467B-8260-A3F67BA27009}.Debug|Any CPU.Build.0 = Debug|Any CPU
		{D74C1A49-4BE9-467B-8260-A3F67BA27009}.Debug|x64.ActiveCfg = Debug|Any CPU
		{D74C1A49-4BE9-467B-8260-A3F67BA27009}.Debug|x64.Build.0 = Debug|Any CPU
		{D74C1A49-4BE9-467B-8260-A3F67BA27009}.Debug|x86.ActiveCfg = Debug|Any CPU
		{D74C1A49-4BE9-467B-8260-A3F67BA27009}.Debug|x86.Build.0 = Debug|Any CPU
		{D74C1A49-4BE9-467B-8260-A3F67BA27009}.Release|Any CPU.ActiveCfg = Release|Any CPU
		{D74C1A49-4BE9-467B-8260-A3F67BA27009}.Release|Any CPU.Build.0 = Release|Any CPU
		{D74C1A49-4BE9-467B-8260-A3F67BA27009}.Release|x64.ActiveCfg = Release|Any CPU
		{D74C1A49-4BE9-467B-8260-A3F67BA27009}.Release|x64.Build.0 = Release|Any CPU
		{D74C1A49-4BE9-467B-8260-A3F67BA27009}.Release|x86.ActiveCfg = Release|Any CPU
		{D74C1A49-4BE9-467B-8260-A3F67BA27009}.Release|x86.Build.0 = Release|Any CPU
		{B6238E6C-82D6-4FCB-97BA-F3EA0F17B80F}.Debug|Any CPU.ActiveCfg = Debug|Any CPU
		{B6238E6C-82D6-4FCB-97BA-F3EA0F17B80F}.Debug|Any CPU.Build.0 = Debug|Any CPU
		{B6238E6C-82D6-4FCB-97BA-F3EA0F17B80F}.Debug|x64.ActiveCfg = Debug|Any CPU
		{B6238E6C-82D6-4FCB-97BA-F3EA0F17B80F}.Debug|x64.Build.0 = Debug|Any CPU
		{B6238E6C-82D6-4FCB-97BA-F3EA0F17B80F}.Debug|x86.ActiveCfg = Debug|Any CPU
		{B6238E6C-82D6-4FCB-97BA-F3EA0F17B80F}.Debug|x86.Build.0 = Debug|Any CPU
		{B6238E6C-82D6-4FCB-97BA-F3EA0F17B80F}.Release|Any CPU.ActiveCfg = Release|Any CPU
		{B6238E6C-82D6-4FCB-97BA-F3EA0F17B80F}.Release|Any CPU.Build.0 = Release|Any CPU
		{B6238E6C-82D6-4FCB-97BA-F3EA0F17B80F}.Release|x64.ActiveCfg = Release|Any CPU
		{B6238E6C-82D6-4FCB-97BA-F3EA0F17B80F}.Release|x64.Build.0 = Release|Any CPU
		{B6238E6C-82D6-4FCB-97BA-F3EA0F17B80F}.Release|x86.ActiveCfg = Release|Any CPU
		{B6238E6C-82D6-4FCB-97BA-F3EA0F17B80F}.Release|x86.Build.0 = Release|Any CPU
	EndGlobalSection
	GlobalSection(NestedProjects) = preSolution
		{D74C1A49-4BE9-467B-8260-A3F67BA27009} = {5B09D9B9-F8A7-461F-B895-FE2C9C515B6A}
		{B6238E6C-82D6-4FCB-97BA-F3EA0F17B80F} = {5B09D9B9-F8A7-461F-B895-FE2C9C515B6A}
	EndGlobalSection
EndGlobal
