
Microsoft Visual Studio Solution File, Format Version 12.00
# Visual Studio 15
VisualStudioVersion = 15.0.26124.0
MinimumVisualStudioVersion = 15.0.26124.0
Project("{FAE04EC0-301F-11D3-BF4B-00C04F79EFBC}") = "AspNetEmpty", "AspNetEmpty\AspNetEmpty.csproj", "{B6B6EBA2-0A6B-4E35-90EC-830691C5C36A}"
EndProject
Project("{FAE04EC0-301F-11D3-BF4B-00C04F79EFBC}") = "AspNetException", "AspNetException\AspNetException.csproj", "{3F71FD1B-8B41-423F-9C23-4FD65AD90E63}"
EndProject
Global
	GlobalSection(SolutionConfigurationPlatforms) = preSolution
		Debug|Any CPU = Debug|Any CPU
		Debug|x64 = Debug|x64
		Debug|x86 = Debug|x86
		Release|Any CPU = Release|Any CPU
		Release|x64 = Release|x64
		Release|x86 = Release|x86
	EndGlobalSection
	GlobalSection(SolutionProperties) = preSolution
		HideSolutionNode = FALSE
	EndGlobalSection
	GlobalSection(ProjectConfigurationPlatforms) = postSolution
		{B6B6EBA2-0A6B-4E35-90EC-830691C5C36A}.Debug|Any CPU.ActiveCfg = Debug|Any CPU
		{B6B6EBA2-0A6B-4E35-90EC-830691C5C36A}.Debug|Any CPU.Build.0 = Debug|Any CPU
		{B6B6EBA2-0A6B-4E35-90EC-830691C5C36A}.Debug|x64.ActiveCfg = Debug|Any CPU
		{B6B6EBA2-0A6B-4E35-90EC-830691C5C36A}.Debug|x64.Build.0 = Debug|Any CPU
		{B6B6EBA2-0A6B-4E35-90EC-830691C5C36A}.Debug|x86.ActiveCfg = Debug|Any CPU
		{B6B6EBA2-0A6B-4E35-90EC-830691C5C36A}.Debug|x86.Build.0 = Debug|Any CPU
		{B6B6EBA2-0A6B-4E35-90EC-830691C5C36A}.Release|Any CPU.ActiveCfg = Release|Any CPU
		{B6B6EBA2-0A6B-4E35-90EC-830691C5C36A}.Release|Any CPU.Build.0 = Release|Any CPU
		{B6B6EBA2-0A6B-4E35-90EC-830691C5C36A}.Release|x64.ActiveCfg = Release|Any CPU
		{B6B6EBA2-0A6B-4E35-90EC-830691C5C36A}.Release|x64.Build.0 = Release|Any CPU
		{B6B6EBA2-0A6B-4E35-90EC-830691C5C36A}.Release|x86.ActiveCfg = Release|Any CPU
		{B6B6EBA2-0A6B-4E35-90EC-830691C5C36A}.Release|x86.Build.0 = Release|Any CPU
		{3F71FD1B-8B41-423F-9C23-4FD65AD90E63}.Debug|Any CPU.ActiveCfg = Debug|Any CPU
		{3F71FD1B-8B41-423F-9C23-4FD65AD90E63}.Debug|Any CPU.Build.0 = Debug|Any CPU
		{3F71FD1B-8B41-423F-9C23-4FD65AD90E63}.Debug|x64.ActiveCfg = Debug|Any CPU
		{3F71FD1B-8B41-423F-9C23-4FD65AD90E63}.Debug|x64.Build.0 = Debug|Any CPU
		{3F71FD1B-8B41-423F-9C23-4FD65AD90E63}.Debug|x86.ActiveCfg = Debug|Any CPU
		{3F71FD1B-8B41-423F-9C23-4FD65AD90E63}.Debug|x86.Build.0 = Debug|Any CPU
		{3F71FD1B-8B41-423F-9C23-4FD65AD90E63}.Release|Any CPU.ActiveCfg = Release|Any CPU
		{3F71FD1B-8B41-423F-9C23-4FD65AD90E63}.Release|Any CPU.Build.0 = Release|Any CPU
		{3F71FD1B-8B41-423F-9C23-4FD65AD90E63}.Release|x64.ActiveCfg = Release|Any CPU
		{3F71FD1B-8B41-423F-9C23-4FD65AD90E63}.Release|x64.Build.0 = Release|Any CPU
		{3F71FD1B-8B41-423F-9C23-4FD65AD90E63}.Release|x86.ActiveCfg = Release|Any CPU
		{3F71FD1B-8B41-423F-9C23-4FD65AD90E63}.Release|x86.Build.0 = Release|Any CPU
	EndGlobalSection
EndGlobal
